Microsoft Visual Studio Solution File, Format Version 12.00
# Visual Studio 14
VisualStudioVersion = 14.0.25420.1
MinimumVisualStudioVersion = 10.0.40219.1
Project("{FAE04EC0-301F-11D3-BF4B-00C04F79EFBC}") = "Server.Lib", "..\Server\Server.Lib.csproj", "{9DA13C11-2457-42B0-8E6E-DB1B0D3317BF}"
EndProject
Project("{FAE04EC0-301F-11D3-BF4B-00C04F79EFBC}") = "Mock.UI", "..\wpfMock\Mock.UI.csproj", "{BE1652A1-7D09-4105-B4AC-99E1F8D5F10F}"
EndProject
Project("{FAE04EC0-301F-11D3-BF4B-00C04F79EFBC}") = "Common", "..\Common\Common.csproj", "{B13F0047-1CEE-4463-BAF6-A943E225D875}"
EndProject
Project("{FAE04EC0-301F-11D3-BF4B-00C04F79EFBC}") = "Admin.UI", "..\Admin\Admin.UI.csproj", "{331BDBFC-A2BC-483A-A9A6-89CE570E6B81}"
EndProject
Project("{FAE04EC0-301F-11D3-BF4B-00C04F79EFBC}") = "Home.Server", "..\Home.Lib\Home.Server.csproj", "{F4C20249-D189-40A9-A7C1-18F15025319A}"
EndProject
Project("{FAE04EC0-301F-11D3-BF4B-00C04F79EFBC}") = "SerialEcho", "..\tests\SerialEcho\SerialEcho.csproj", "{9A458FD6-AB22-4794-9654-2E029D99E373}"
EndProject
Project("{FAE04EC0-301F-11D3-BF4B-00C04F79EFBC}") = "Web", "..\Web\Web.csproj", "{C7BCC88A-F85A-4EB5-BDB7-66CEB6226DA9}"
EndProject
Global
	GlobalSection(SolutionConfigurationPlatforms) = preSolution
		Debug|Any CPU = Debug|Any CPU
		Release|Any CPU = Release|Any CPU
	EndGlobalSection
	GlobalSection(ProjectConfigurationPlatforms) = postSolution
		{9DA13C11-2457-42B0-8E6E-DB1B0D3317BF}.Debug|Any CPU.ActiveCfg = Debug|Any CPU
		{9DA13C11-2457-42B0-8E6E-DB1B0D3317BF}.Debug|Any CPU.Build.0 = Debug|Any CPU
		{9DA13C11-2457-42B0-8E6E-DB1B0D3317BF}.Release|Any CPU.ActiveCfg = Release|Any CPU
		{9DA13C11-2457-42B0-8E6E-DB1B0D3317BF}.Release|Any CPU.Build.0 = Release|Any CPU
		{BE1652A1-7D09-4105-B4AC-99E1F8D5F10F}.Debug|Any CPU.ActiveCfg = Debug|Any CPU
		{BE1652A1-7D09-4105-B4AC-99E1F8D5F10F}.Debug|Any CPU.Build.0 = Debug|Any CPU
		{BE1652A1-7D09-4105-B4AC-99E1F8D5F10F}.Release|Any CPU.ActiveCfg = Release|Any CPU
		{BE1652A1-7D09-4105-B4AC-99E1F8D5F10F}.Release|Any CPU.Build.0 = Release|Any CPU
		{B13F0047-1CEE-4463-BAF6-A943E225D875}.Debug|Any CPU.ActiveCfg = Debug|Any CPU
		{B13F0047-1CEE-4463-BAF6-A943E225D875}.Debug|Any CPU.Build.0 = Debug|Any CPU
		{B13F0047-1CEE-4463-BAF6-A943E225D875}.Release|Any CPU.ActiveCfg = Release|Any CPU
		{B13F0047-1CEE-4463-BAF6-A943E225D875}.Release|Any CPU.Build.0 = Release|Any CPU
		{331BDBFC-A2BC-483A-A9A6-89CE570E6B81}.Debug|Any CPU.ActiveCfg = Debug|Any CPU
		{331BDBFC-A2BC-483A-A9A6-89CE570E6B81}.Debug|Any CPU.Build.0 = Debug|Any CPU
		{331BDBFC-A2BC-483A-A9A6-89CE570E6B81}.Release|Any CPU.ActiveCfg = Release|Any CPU
		{331BDBFC-A2BC-483A-A9A6-89CE570E6B81}.Release|Any CPU.Build.0 = Release|Any CPU
		{F4C20249-D189-40A9-A7C1-18F15025319A}.Debug|Any CPU.ActiveCfg = Debug|Any CPU
		{F4C20249-D189-40A9-A7C1-18F15025319A}.Debug|Any CPU.Build.0 = Debug|Any CPU
		{F4C20249-D189-40A9-A7C1-18F15025319A}.Release|Any CPU.ActiveCfg = Release|Any CPU
		{F4C20249-D189-40A9-A7C1-18F15025319A}.Release|Any CPU.Build.0 = Release|Any CPU
		{9A458FD6-AB22-4794-9654-2E029D99E373}.Debug|Any CPU.ActiveCfg = Debug|Any CPU
		{9A458FD6-AB22-4794-9654-2E029D99E373}.Debug|Any CPU.Build.0 = Debug|Any CPU
		{9A458FD6-AB22-4794-9654-2E029D99E373}.Release|Any CPU.ActiveCfg = Release|Any CPU
		{9A458FD6-AB22-4794-9654-2E029D99E373}.Release|Any CPU.Build.0 = Release|Any CPU
		{C7BCC88A-F85A-4EB5-BDB7-66CEB6226DA9}.Debug|Any CPU.ActiveCfg = Debug|Any CPU
		{C7BCC88A-F85A-4EB5-BDB7-66CEB6226DA9}.Debug|Any CPU.Build.0 = Debug|Any CPU
		{C7BCC88A-F85A-4EB5-BDB7-66CEB6226DA9}.Release|Any CPU.ActiveCfg = Release|Any CPU
		{C7BCC88A-F85A-4EB5-BDB7-66CEB6226DA9}.Release|Any CPU.Build.0 = Release|Any CPU
	EndGlobalSection
	GlobalSection(SolutionProperties) = preSolution
		HideSolutionNode = FALSE
	EndGlobalSection
EndGlobal
