Microsoft Visual Studio Solution File, Format Version 12.00
# Visual Studio 2013
VisualStudioVersion = 12.0.31101.0
MinimumVisualStudioVersion = 10.0.40219.1
Project("{FAE04EC0-301F-11D3-BF4B-00C04F79EFBC}") = "netServer", "..\src\netServer.csproj", "{9DA13C11-2457-42B0-8E6E-DB1B0D3317BF}"
EndProject
Project("{FAE04EC0-301F-11D3-BF4B-00C04F79EFBC}") = "wpfMock", "..\wpfMock\wpfMock.csproj", "{BE1652A1-7D09-4105-B4AC-99E1F8D5F10F}"
EndProject
Project("{2150E333-8FDC-42A3-9474-1A3956D46DE8}") = "Test", "Test", "{6283E909-84F7-403A-B977-F32CFF8BCB60}"
EndProject
Project("{FAE04EC0-301F-11D3-BF4B-00C04F79EFBC}") = "RamTestPetterns", "..\tests\RamTestPetterns\RamTestPetterns.csproj", "{9DC9D2C9-0D2D-4B7F-BAAA-34AD78D28999}"
EndProject
Project("{FAE04EC0-301F-11D3-BF4B-00C04F79EFBC}") = "SpeechTests", "..\tests\SpeechTests\SpeechTests.csproj", "{40FFA974-D186-454F-83A6-5685DE7E47AD}"
EndProject
Project("{2150E333-8FDC-42A3-9474-1A3956D46DE8}") = ".nuget", ".nuget", "{5FF12937-3957-403C-B49D-BFAF55E8F8B1}"
	ProjectSection(SolutionItems) = preProject
		.nuget\NuGet.Config = .nuget\NuGet.Config
		.nuget\NuGet.exe = .nuget\NuGet.exe
		.nuget\NuGet.targets = .nuget\NuGet.targets
		.nuget\packages.config = .nuget\packages.config
	EndProjectSection
EndProject
Project("{FAE04EC0-301F-11D3-BF4B-00C04F79EFBC}") = "Common", "..\Common\Common.csproj", "{B13F0047-1CEE-4463-BAF6-A943E225D875}"
EndProject
Global
	GlobalSection(SolutionConfigurationPlatforms) = preSolution
		Debug|Any CPU = Debug|Any CPU
		Debug|Mixed Platforms = Debug|Mixed Platforms
		Debug|x86 = Debug|x86
		Release|Any CPU = Release|Any CPU
		Release|Mixed Platforms = Release|Mixed Platforms
		Release|x86 = Release|x86
	EndGlobalSection
	GlobalSection(ProjectConfigurationPlatforms) = postSolution
		{9DA13C11-2457-42B0-8E6E-DB1B0D3317BF}.Debug|Any CPU.ActiveCfg = Debug|x86
		{9DA13C11-2457-42B0-8E6E-DB1B0D3317BF}.Debug|Mixed Platforms.ActiveCfg = Debug|x86
		{9DA13C11-2457-42B0-8E6E-DB1B0D3317BF}.Debug|Mixed Platforms.Build.0 = Debug|x86
		{9DA13C11-2457-42B0-8E6E-DB1B0D3317BF}.Debug|x86.ActiveCfg = Debug|x86
		{9DA13C11-2457-42B0-8E6E-DB1B0D3317BF}.Debug|x86.Build.0 = Debug|x86
		{9DA13C11-2457-42B0-8E6E-DB1B0D3317BF}.Release|Any CPU.ActiveCfg = Release|x86
		{9DA13C11-2457-42B0-8E6E-DB1B0D3317BF}.Release|Mixed Platforms.ActiveCfg = Release|x86
		{9DA13C11-2457-42B0-8E6E-DB1B0D3317BF}.Release|Mixed Platforms.Build.0 = Release|x86
		{9DA13C11-2457-42B0-8E6E-DB1B0D3317BF}.Release|x86.ActiveCfg = Release|x86
		{9DA13C11-2457-42B0-8E6E-DB1B0D3317BF}.Release|x86.Build.0 = Release|x86
		{BE1652A1-7D09-4105-B4AC-99E1F8D5F10F}.Debug|Any CPU.ActiveCfg = Debug|x86
		{BE1652A1-7D09-4105-B4AC-99E1F8D5F10F}.Debug|Mixed Platforms.ActiveCfg = Debug|x86
		{BE1652A1-7D09-4105-B4AC-99E1F8D5F10F}.Debug|Mixed Platforms.Build.0 = Debug|x86
		{BE1652A1-7D09-4105-B4AC-99E1F8D5F10F}.Debug|x86.ActiveCfg = Debug|x86
		{BE1652A1-7D09-4105-B4AC-99E1F8D5F10F}.Debug|x86.Build.0 = Debug|x86
		{BE1652A1-7D09-4105-B4AC-99E1F8D5F10F}.Release|Any CPU.ActiveCfg = Release|x86
		{BE1652A1-7D09-4105-B4AC-99E1F8D5F10F}.Release|Mixed Platforms.ActiveCfg = Release|x86
		{BE1652A1-7D09-4105-B4AC-99E1F8D5F10F}.Release|Mixed Platforms.Build.0 = Release|x86
		{BE1652A1-7D09-4105-B4AC-99E1F8D5F10F}.Release|x86.ActiveCfg = Release|x86
		{BE1652A1-7D09-4105-B4AC-99E1F8D5F10F}.Release|x86.Build.0 = Release|x86
		{9DC9D2C9-0D2D-4B7F-BAAA-34AD78D28999}.Debug|Any CPU.ActiveCfg = Debug|Any CPU
		{9DC9D2C9-0D2D-4B7F-BAAA-34AD78D28999}.Debug|Any CPU.Build.0 = Debug|Any CPU
		{9DC9D2C9-0D2D-4B7F-BAAA-34AD78D28999}.Debug|Mixed Platforms.ActiveCfg = Debug|Any CPU
		{9DC9D2C9-0D2D-4B7F-BAAA-34AD78D28999}.Debug|Mixed Platforms.Build.0 = Debug|Any CPU
		{9DC9D2C9-0D2D-4B7F-BAAA-34AD78D28999}.Debug|x86.ActiveCfg = Debug|Any CPU
		{9DC9D2C9-0D2D-4B7F-BAAA-34AD78D28999}.Release|Any CPU.ActiveCfg = Release|Any CPU
		{9DC9D2C9-0D2D-4B7F-BAAA-34AD78D28999}.Release|Any CPU.Build.0 = Release|Any CPU
		{9DC9D2C9-0D2D-4B7F-BAAA-34AD78D28999}.Release|Mixed Platforms.ActiveCfg = Release|Any CPU
		{9DC9D2C9-0D2D-4B7F-BAAA-34AD78D28999}.Release|Mixed Platforms.Build.0 = Release|Any CPU
		{9DC9D2C9-0D2D-4B7F-BAAA-34AD78D28999}.Release|x86.ActiveCfg = Release|Any CPU
		{40FFA974-D186-454F-83A6-5685DE7E47AD}.Debug|Any CPU.ActiveCfg = Debug|Any CPU
		{40FFA974-D186-454F-83A6-5685DE7E47AD}.Debug|Any CPU.Build.0 = Debug|Any CPU
		{40FFA974-D186-454F-83A6-5685DE7E47AD}.Debug|Mixed Platforms.ActiveCfg = Debug|Any CPU
		{40FFA974-D186-454F-83A6-5685DE7E47AD}.Debug|Mixed Platforms.Build.0 = Debug|Any CPU
		{40FFA974-D186-454F-83A6-5685DE7E47AD}.Debug|x86.ActiveCfg = Debug|Any CPU
		{40FFA974-D186-454F-83A6-5685DE7E47AD}.Release|Any CPU.ActiveCfg = Release|Any CPU
		{40FFA974-D186-454F-83A6-5685DE7E47AD}.Release|Any CPU.Build.0 = Release|Any CPU
		{40FFA974-D186-454F-83A6-5685DE7E47AD}.Release|Mixed Platforms.ActiveCfg = Release|Any CPU
		{40FFA974-D186-454F-83A6-5685DE7E47AD}.Release|Mixed Platforms.Build.0 = Release|Any CPU
		{40FFA974-D186-454F-83A6-5685DE7E47AD}.Release|x86.ActiveCfg = Release|Any CPU
		{B13F0047-1CEE-4463-BAF6-A943E225D875}.Debug|Any CPU.ActiveCfg = Debug|Any CPU
		{B13F0047-1CEE-4463-BAF6-A943E225D875}.Debug|Any CPU.Build.0 = Debug|Any CPU
		{B13F0047-1CEE-4463-BAF6-A943E225D875}.Debug|Mixed Platforms.ActiveCfg = Debug|Any CPU
		{B13F0047-1CEE-4463-BAF6-A943E225D875}.Debug|Mixed Platforms.Build.0 = Debug|Any CPU
		{B13F0047-1CEE-4463-BAF6-A943E225D875}.Debug|x86.ActiveCfg = Debug|Any CPU
		{B13F0047-1CEE-4463-BAF6-A943E225D875}.Release|Any CPU.ActiveCfg = Release|Any CPU
		{B13F0047-1CEE-4463-BAF6-A943E225D875}.Release|Any CPU.Build.0 = Release|Any CPU
		{B13F0047-1CEE-4463-BAF6-A943E225D875}.Release|Mixed Platforms.ActiveCfg = Release|Any CPU
		{B13F0047-1CEE-4463-BAF6-A943E225D875}.Release|Mixed Platforms.Build.0 = Release|Any CPU
		{B13F0047-1CEE-4463-BAF6-A943E225D875}.Release|x86.ActiveCfg = Release|Any CPU
	EndGlobalSection
	GlobalSection(SolutionProperties) = preSolution
		HideSolutionNode = FALSE
	EndGlobalSection
	GlobalSection(NestedProjects) = preSolution
		{9DC9D2C9-0D2D-4B7F-BAAA-34AD78D28999} = {6283E909-84F7-403A-B977-F32CFF8BCB60}
		{40FFA974-D186-454F-83A6-5685DE7E47AD} = {6283E909-84F7-403A-B977-F32CFF8BCB60}
	EndGlobalSection
EndGlobal
